
Microsoft Visual Studio Solution File, Format Version 12.00
# Visual Studio Version 17
VisualStudioVersion = 17.5.002.0
MinimumVisualStudioVersion = 10.0.40219.1
Project("{9A19103F-16F7-4668-BE54-9A1E7A4F7556}") = "TravelingSalesmanProblem", "TravelingSalesmanProblem.csproj", "{13A77A58-A930-4D01-A50F-E6C49EBF94EC}"
EndProject
Global
	GlobalSection(SolutionConfigurationPlatforms) = preSolution
		Debug|Any CPU = Debug|Any CPU
		Release|Any CPU = Release|Any CPU
	EndGlobalSection
	GlobalSection(ProjectConfigurationPlatforms) = postSolution
		{13A77A58-A930-4D01-A50F-E6C49EBF94EC}.Debug|Any CPU.ActiveCfg = Debug|Any CPU
		{13A77A58-A930-4D01-A50F-E6C49EBF94EC}.Debug|Any CPU.Build.0 = Debug|Any CPU
		{13A77A58-A930-4D01-A50F-E6C49EBF94EC}.Release|Any CPU.ActiveCfg = Release|Any CPU
		{13A77A58-A930-4D01-A50F-E6C49EBF94EC}.Release|Any CPU.Build.0 = Release|Any CPU
	EndGlobalSection
	GlobalSection(SolutionProperties) = preSolution
		HideSolutionNode = FALSE
	EndGlobalSection
	GlobalSection(ExtensibilityGlobals) = postSolution
		SolutionGuid = {A83FE60A-8D91-4475-849F-4C8667AFD4A6}
	EndGlobalSection
EndGlobal
