
Microsoft Visual Studio Solution File, Format Version 12.00
# Visual Studio Version 17
VisualStudioVersion = 17.5.002.0
MinimumVisualStudioVersion = 10.0.40219.1
Project("{9A19103F-16F7-4668-BE54-9A1E7A4F7556}") = "MaxFlowMinCost", "MaxFlowMinCost.csproj", "{C97CF226-CCAA-4CF9-A330-6177FD2C87C6}"
EndProject
Global
	GlobalSection(SolutionConfigurationPlatforms) = preSolution
		Debug|Any CPU = Debug|Any CPU
		Release|Any CPU = Release|Any CPU
	EndGlobalSection
	GlobalSection(ProjectConfigurationPlatforms) = postSolution
		{C97CF226-CCAA-4CF9-A330-6177FD2C87C6}.Debug|Any CPU.ActiveCfg = Debug|Any CPU
		{C97CF226-CCAA-4CF9-A330-6177FD2C87C6}.Debug|Any CPU.Build.0 = Debug|Any CPU
		{C97CF226-CCAA-4CF9-A330-6177FD2C87C6}.Release|Any CPU.ActiveCfg = Release|Any CPU
		{C97CF226-CCAA-4CF9-A330-6177FD2C87C6}.Release|Any CPU.Build.0 = Release|Any CPU
	EndGlobalSection
	GlobalSection(SolutionProperties) = preSolution
		HideSolutionNode = FALSE
	EndGlobalSection
	GlobalSection(ExtensibilityGlobals) = postSolution
		SolutionGuid = {99CA24D8-A3E2-42FC-B54F-ED6B7C74F59F}
	EndGlobalSection
EndGlobal
