
Microsoft Visual Studio Solution File, Format Version 12.00
# Visual Studio Version 17
VisualStudioVersion = 17.5.002.0
MinimumVisualStudioVersion = 10.0.40219.1
Project("{9A19103F-16F7-4668-BE54-9A1E7A4F7556}") = "SampleBase", "SampleBase.csproj", "{B4B41889-6791-4F15-A7DB-D1394F5C49D2}"
EndProject
Global
	GlobalSection(SolutionConfigurationPlatforms) = preSolution
		Debug|Any CPU = Debug|Any CPU
		Release|Any CPU = Release|Any CPU
	EndGlobalSection
	GlobalSection(ProjectConfigurationPlatforms) = postSolution
		{B4B41889-6791-4F15-A7DB-D1394F5C49D2}.Debug|Any CPU.ActiveCfg = Debug|Any CPU
		{B4B41889-6791-4F15-A7DB-D1394F5C49D2}.Debug|Any CPU.Build.0 = Debug|Any CPU
		{B4B41889-6791-4F15-A7DB-D1394F5C49D2}.Release|Any CPU.ActiveCfg = Release|Any CPU
		{B4B41889-6791-4F15-A7DB-D1394F5C49D2}.Release|Any CPU.Build.0 = Release|Any CPU
	EndGlobalSection
	GlobalSection(SolutionProperties) = preSolution
		HideSolutionNode = FALSE
	EndGlobalSection
	GlobalSection(ExtensibilityGlobals) = postSolution
		SolutionGuid = {84F57CE6-DB43-4EEE-86F8-6D98404370AA}
	EndGlobalSection
EndGlobal
