
Microsoft Visual Studio Solution File, Format Version 12.00
# Visual Studio Version 17
VisualStudioVersion = 17.5.002.0
MinimumVisualStudioVersion = 10.0.40219.1
Project("{9A19103F-16F7-4668-BE54-9A1E7A4F7556}") = "CycleFinder", "CycleFinder.csproj", "{E54DB5D9-1BE4-4BE6-AB03-9CF88773C2B9}"
EndProject
Global
	GlobalSection(SolutionConfigurationPlatforms) = preSolution
		Debug|Any CPU = Debug|Any CPU
		Release|Any CPU = Release|Any CPU
	EndGlobalSection
	GlobalSection(ProjectConfigurationPlatforms) = postSolution
		{E54DB5D9-1BE4-4BE6-AB03-9CF88773C2B9}.Debug|Any CPU.ActiveCfg = Debug|Any CPU
		{E54DB5D9-1BE4-4BE6-AB03-9CF88773C2B9}.Debug|Any CPU.Build.0 = Debug|Any CPU
		{E54DB5D9-1BE4-4BE6-AB03-9CF88773C2B9}.Release|Any CPU.ActiveCfg = Release|Any CPU
		{E54DB5D9-1BE4-4BE6-AB03-9CF88773C2B9}.Release|Any CPU.Build.0 = Release|Any CPU
	EndGlobalSection
	GlobalSection(SolutionProperties) = preSolution
		HideSolutionNode = FALSE
	EndGlobalSection
	GlobalSection(ExtensibilityGlobals) = postSolution
		SolutionGuid = {BCE2A13A-B54F-41A1-A985-750D8C806B20}
	EndGlobalSection
EndGlobal
