
Microsoft Visual Studio Solution File, Format Version 12.00
# Visual Studio Version 17
VisualStudioVersion = 17.5.002.0
MinimumVisualStudioVersion = 10.0.40219.1
Project("{9A19103F-16F7-4668-BE54-9A1E7A4F7556}") = "LineGraph", "LineGraph.csproj", "{12FDBC95-0AD9-4FB0-A029-0CFC87E8681B}"
EndProject
Global
	GlobalSection(SolutionConfigurationPlatforms) = preSolution
		Debug|Any CPU = Debug|Any CPU
		Release|Any CPU = Release|Any CPU
	EndGlobalSection
	GlobalSection(ProjectConfigurationPlatforms) = postSolution
		{12FDBC95-0AD9-4FB0-A029-0CFC87E8681B}.Debug|Any CPU.ActiveCfg = Debug|Any CPU
		{12FDBC95-0AD9-4FB0-A029-0CFC87E8681B}.Debug|Any CPU.Build.0 = Debug|Any CPU
		{12FDBC95-0AD9-4FB0-A029-0CFC87E8681B}.Release|Any CPU.ActiveCfg = Release|Any CPU
		{12FDBC95-0AD9-4FB0-A029-0CFC87E8681B}.Release|Any CPU.Build.0 = Release|Any CPU
	EndGlobalSection
	GlobalSection(SolutionProperties) = preSolution
		HideSolutionNode = FALSE
	EndGlobalSection
	GlobalSection(ExtensibilityGlobals) = postSolution
		SolutionGuid = {0DC0D411-3519-4A95-A6C6-D089F4366672}
	EndGlobalSection
EndGlobal
