
Microsoft Visual Studio Solution File, Format Version 12.00
# Visual Studio Version 17
VisualStudioVersion = 17.5.002.0
MinimumVisualStudioVersion = 10.0.40219.1
Project("{9A19103F-16F7-4668-BE54-9A1E7A4F7556}") = "GraphRenderSample", "GraphRenderSample.csproj", "{CA912681-FEBF-4DDE-84EA-26E1688FB64C}"
EndProject
Global
	GlobalSection(SolutionConfigurationPlatforms) = preSolution
		Debug|Any CPU = Debug|Any CPU
		Release|Any CPU = Release|Any CPU
	EndGlobalSection
	GlobalSection(ProjectConfigurationPlatforms) = postSolution
		{CA912681-FEBF-4DDE-84EA-26E1688FB64C}.Debug|Any CPU.ActiveCfg = Debug|Any CPU
		{CA912681-FEBF-4DDE-84EA-26E1688FB64C}.Debug|Any CPU.Build.0 = Debug|Any CPU
		{CA912681-FEBF-4DDE-84EA-26E1688FB64C}.Release|Any CPU.ActiveCfg = Release|Any CPU
		{CA912681-FEBF-4DDE-84EA-26E1688FB64C}.Release|Any CPU.Build.0 = Release|Any CPU
	EndGlobalSection
	GlobalSection(SolutionProperties) = preSolution
		HideSolutionNode = FALSE
	EndGlobalSection
	GlobalSection(ExtensibilityGlobals) = postSolution
		SolutionGuid = {B6A3D7ED-99C6-4957-91FE-5CF20DC95A2E}
	EndGlobalSection
EndGlobal
